<?xml version="1.0" encoding="utf-8"?>
<Project ToolsVersion="4.0" xmlns="http://schemas.microsoft.com/developer/msbuild/2003">
  <ItemGroup>
    <Filter Include="include">
      <UniqueIdentifier>{57CA55B8-BCC5-4000-CE3A-58972F82E9CB}</UniqueIdentifier>
    </Filter>
    <Filter Include="libwinpty">
      <UniqueIdentifier>{C5711D3F-52A3-91AF-3145-4CECCD699FDA}</UniqueIdentifier>
    </Filter>
    <Filter Include="libwinpty">
      <UniqueIdentifier>{C5711D3F-52A3-91AF-3145-4CECCD699FDA}</UniqueIdentifier>
    </Filter>
    <Filter Include="libwinpty">
      <UniqueIdentifier>{C5711D3F-52A3-91AF-3145-4CECCD699FDA}</UniqueIdentifier>
    </Filter>
    <Filter Include="shared">
      <UniqueIdentifier>{20D50607-EB73-BC01-11AE-A2B6030BB0A1}</UniqueIdentifier>
    </Filter>
    <Filter Include="shared">
      <UniqueIdentifier>{20D50607-EB73-BC01-11AE-A2B6030BB0A1}</UniqueIdentifier>
    </Filter>
    <Filter Include="shared">
      <UniqueIdentifier>{20D50607-EB73-BC01-11AE-A2B6030BB0A1}</UniqueIdentifier>
    </Filter>
    <Filter Include="shared">
      <UniqueIdentifier>{20D50607-EB73-BC01-11AE-A2B6030BB0A1}</UniqueIdentifier>
    </Filter>
    <Filter Include="shared">
      <UniqueIdentifier>{20D50607-EB73-BC01-11AE-A2B6030BB0A1}</UniqueIdentifier>
    </Filter>
    <Filter Include="shared">
      <UniqueIdentifier>{20D50607-EB73-BC01-11AE-A2B6030BB0A1}</UniqueIdentifier>
    </Filter>
    <Filter Include="shared">
      <UniqueIdentifier>{20D50607-EB73-BC01-11AE-A2B6030BB0A1}</UniqueIdentifier>
    </Filter>
    <Filter Include="shared">
      <UniqueIdentifier>{20D50607-EB73-BC01-11AE-A2B6030BB0A1}</UniqueIdentifier>
    </Filter>
    <Filter Include="shared">
      <UniqueIdentifier>{20D50607-EB73-BC01-11AE-A2B6030BB0A1}</UniqueIdentifier>
    </Filter>
    <Filter Include="shared">
      <UniqueIdentifier>{20D50607-EB73-BC01-11AE-A2B6030BB0A1}</UniqueIdentifier>
    </Filter>
    <Filter Include="shared">
      <UniqueIdentifier>{20D50607-EB73-BC01-11AE-A2B6030BB0A1}</UniqueIdentifier>
    </Filter>
    <Filter Include="shared">
      <UniqueIdentifier>{20D50607-EB73-BC01-11AE-A2B6030BB0A1}</UniqueIdentifier>
    </Filter>
    <Filter Include="shared">
      <UniqueIdentifier>{20D50607-EB73-BC01-11AE-A2B6030BB0A1}</UniqueIdentifier>
    </Filter>
    <Filter Include="shared">
      <UniqueIdentifier>{20D50607-EB73-BC01-11AE-A2B6030BB0A1}</UniqueIdentifier>
    </Filter>
    <Filter Include="shared">
      <UniqueIdentifier>{20D50607-EB73-BC01-11AE-A2B6030BB0A1}</UniqueIdentifier>
    </Filter>
    <Filter Include="shared">
      <UniqueIdentifier>{20D50607-EB73-BC01-11AE-A2B6030BB0A1}</UniqueIdentifier>
    </Filter>
    <Filter Include="shared">
      <UniqueIdentifier>{20D50607-EB73-BC01-11AE-A2B6030BB0A1}</UniqueIdentifier>
    </Filter>
    <Filter Include="shared">
      <UniqueIdentifier>{20D50607-EB73-BC01-11AE-A2B6030BB0A1}</UniqueIdentifier>
    </Filter>
    <Filter Include="shared">
      <UniqueIdentifier>{20D50607-EB73-BC01-11AE-A2B6030BB0A1}</UniqueIdentifier>
    </Filter>
    <Filter Include="shared">
      <UniqueIdentifier>{20D50607-EB73-BC01-11AE-A2B6030BB0A1}</UniqueIdentifier>
    </Filter>
    <Filter Include="shared">
      <UniqueIdentifier>{20D50607-EB73-BC01-11AE-A2B6030BB0A1}</UniqueIdentifier>
    </Filter>
    <Filter Include="shared">
      <UniqueIdentifier>{20D50607-EB73-BC01-11AE-A2B6030BB0A1}</UniqueIdentifier>
    </Filter>
    <Filter Include="shared">
      <UniqueIdentifier>{20D50607-EB73-BC01-11AE-A2B6030BB0A1}</UniqueIdentifier>
    </Filter>
    <Filter Include="shared">
      <UniqueIdentifier>{20D50607-EB73-BC01-11AE-A2B6030BB0A1}</UniqueIdentifier>
    </Filter>
    <Filter Include="shared">
      <UniqueIdentifier>{20D50607-EB73-BC01-11AE-A2B6030BB0A1}</UniqueIdentifier>
    </Filter>
    <Filter Include="shared">
      <UniqueIdentifier>{20D50607-EB73-BC01-11AE-A2B6030BB0A1}</UniqueIdentifier>
    </Filter>
  </ItemGroup>
  <ItemGroup>
    <ClInclude Include="include\winpty.h">
      <Filter>include</Filter>
    </ClInclude>
    <ClCompile Include="libwinpty\AgentLocation.cc">
      <Filter>libwinpty</Filter>
    </ClCompile>
    <ClInclude Include="libwinpty\AgentLocation.h">
      <Filter>libwinpty</Filter>
    </ClInclude>
    <ClCompile Include="libwinpty\winpty.cc">
      <Filter>libwinpty</Filter>
    </ClCompile>
    <ClInclude Include="shared\AgentMsg.h">
      <Filter>shared</Filter>
    </ClInclude>
    <ClInclude Include="shared\BackgroundDesktop.h">
      <Filter>shared</Filter>
    </ClInclude>
    <ClCompile Include="shared\BackgroundDesktop.cc">
      <Filter>shared</Filter>
    </ClCompile>
    <ClInclude Include="shared\Buffer.h">
      <Filter>shared</Filter>
    </ClInclude>
    <ClCompile Include="shared\Buffer.cc">
      <Filter>shared</Filter>
    </ClCompile>
    <ClInclude Include="shared\DebugClient.h">
      <Filter>shared</Filter>
    </ClInclude>
    <ClCompile Include="shared\DebugClient.cc">
      <Filter>shared</Filter>
    </ClCompile>
    <ClInclude Include="shared\GenRandom.h">
      <Filter>shared</Filter>
    </ClInclude>
    <ClCompile Include="shared\GenRandom.cc">
      <Filter>shared</Filter>
    </ClCompile>
    <ClInclude Include="shared\OsModule.h">
      <Filter>shared</Filter>
    </ClInclude>
    <ClInclude Include="shared\OwnedHandle.h">
      <Filter>shared</Filter>
    </ClInclude>
    <ClCompile Include="shared\OwnedHandle.cc">
      <Filter>shared</Filter>
    </ClCompile>
    <ClInclude Include="shared\StringBuilder.h">
      <Filter>shared</Filter>
    </ClInclude>
    <ClCompile Include="shared\StringUtil.cc">
      <Filter>shared</Filter>
    </ClCompile>
    <ClInclude Include="shared\StringUtil.h">
      <Filter>shared</Filter>
    </ClInclude>
    <ClCompile Include="shared\WindowsSecurity.cc">
      <Filter>shared</Filter>
    </ClCompile>
    <ClInclude Include="shared\WindowsSecurity.h">
      <Filter>shared</Filter>
    </ClInclude>
    <ClInclude Include="shared\WindowsVersion.h">
      <Filter>shared</Filter>
    </ClInclude>
    <ClCompile Include="shared\WindowsVersion.cc">
      <Filter>shared</Filter>
    </ClCompile>
    <ClInclude Include="shared\WinptyAssert.h">
      <Filter>shared</Filter>
    </ClInclude>
    <ClCompile Include="shared\WinptyAssert.cc">
      <Filter>shared</Filter>
    </ClCompile>
    <ClInclude Include="shared\WinptyException.h">
      <Filter>shared</Filter>
    </ClInclude>
    <ClCompile Include="shared\WinptyException.cc">
      <Filter>shared</Filter>
    </ClCompile>
    <ClInclude Include="shared\WinptyVersion.h">
      <Filter>shared</Filter>
    </ClInclude>
    <ClCompile Include="shared\WinptyVersion.cc">
      <Filter>shared</Filter>
    </ClCompile>
    <ClInclude Include="shared\winpty_snprintf.h">
      <Filter>shared</Filter>
    </ClInclude>
    <None Include="winpty.gyp"/>
  </ItemGroup>
</Project>
